
Microsoft Visual Studio Solution File, Format Version 12.00
# Visual Studio 15
VisualStudioVersion = 15.0.27703.2035
MinimumVisualStudioVersion = 10.0.40219.1
Project("{FAE04EC0-301F-11D3-BF4B-00C04F79EFBC}") = "BloobStorage", "BloobStorage\BloobStorage.csproj", "{4997AF52-FEE0-4BB9-B1CE-7702235B4538}"
EndProject
Project("{FAE04EC0-301F-11D3-BF4B-00C04F79EFBC}") = "Website.Test", "Website.Test\Website.Test.csproj", "{8B094720-F4F4-4319-B6D1-B46FC5E6F5DF}"
EndProject
Global
	GlobalSection(SolutionConfigurationPlatforms) = preSolution
		Debug|Any CPU = Debug|Any CPU
		Release|Any CPU = Release|Any CPU
	EndGlobalSection
	GlobalSection(ProjectConfigurationPlatforms) = postSolution
		{4997AF52-FEE0-4BB9-B1CE-7702235B4538}.Debug|Any CPU.ActiveCfg = Debug|Any CPU
		{4997AF52-FEE0-4BB9-B1CE-7702235B4538}.Debug|Any CPU.Build.0 = Debug|Any CPU
		{4997AF52-FEE0-4BB9-B1CE-7702235B4538}.Release|Any CPU.ActiveCfg = Release|Any CPU
		{4997AF52-FEE0-4BB9-B1CE-7702235B4538}.Release|Any CPU.Build.0 = Release|Any CPU
		{8B094720-F4F4-4319-B6D1-B46FC5E6F5DF}.Debug|Any CPU.ActiveCfg = Debug|Any CPU
		{8B094720-F4F4-4319-B6D1-B46FC5E6F5DF}.Debug|Any CPU.Build.0 = Debug|Any CPU
		{8B094720-F4F4-4319-B6D1-B46FC5E6F5DF}.Release|Any CPU.ActiveCfg = Release|Any CPU
		{8B094720-F4F4-4319-B6D1-B46FC5E6F5DF}.Release|Any CPU.Build.0 = Release|Any CPU
	EndGlobalSection
	GlobalSection(SolutionProperties) = preSolution
		HideSolutionNode = FALSE
	EndGlobalSection
	GlobalSection(ExtensibilityGlobals) = postSolution
		SolutionGuid = {7FA1B9B5-87C1-4FA1-9258-3B03B8128182}
	EndGlobalSection
EndGlobal
